
Microsoft Visual Studio Solution File, Format Version 12.00
# Visual Studio Version 17
VisualStudioVersion = 17.14.36401.2 d17.14
MinimumVisualStudioVersion = 10.0.40219.1
Project("{FAE04EC0-301F-11D3-BF4B-00C04F79EFBC}") = "Transacciones", "Transacciones\Transacciones.csproj", "{FA1B9444-190C-431D-9E54-FC4072A7BFC9}"
EndProject
Global
	GlobalSection(SolutionConfigurationPlatforms) = preSolution
		Debug|Any CPU = Debug|Any CPU
		Release|Any CPU = Release|Any CPU
	EndGlobalSection
	GlobalSection(ProjectConfigurationPlatforms) = postSolution
		{FA1B9444-190C-431D-9E54-FC4072A7BFC9}.Debug|Any CPU.ActiveCfg = Debug|Any CPU
		{FA1B9444-190C-431D-9E54-FC4072A7BFC9}.Debug|Any CPU.Build.0 = Debug|Any CPU
		{FA1B9444-190C-431D-9E54-FC4072A7BFC9}.Release|Any CPU.ActiveCfg = Release|Any CPU
		{FA1B9444-190C-431D-9E54-FC4072A7BFC9}.Release|Any CPU.Build.0 = Release|Any CPU
	EndGlobalSection
	GlobalSection(SolutionProperties) = preSolution
		HideSolutionNode = FALSE
	EndGlobalSection
	GlobalSection(ExtensibilityGlobals) = postSolution
		SolutionGuid = {35AFB0DC-8F7C-456B-819B-5BCD77B1DBAF}
	EndGlobalSection
EndGlobal
